
Microsoft Visual Studio Solution File, Format Version 12.00
# Visual Studio Version 17
VisualStudioVersion = 17.2.32505.173
MinimumVisualStudioVersion = 10.0.40219.1
Project("{9A19103F-16F7-4668-BE54-9A1E7A4F7556}") = "PR22", "PR22\PR22.csproj", "{085ABEAB-ADFC-4A1D-85A1-316EB88DF3E5}"
EndProject
Project("{2150E333-8FDC-42A3-9474-1A3956D46DE8}") = "Tests", "Tests", "{F03960D8-108E-4ACD-A541-61FF42801DDC}"
EndProject
Project("{FAE04EC0-301F-11D3-BF4B-00C04F79EFBC}") = "PR22Consol", "Tests\PR22Consol\PR22Consol.csproj", "{624B3BD8-B85D-42AE-A160-AE2286CAA40C}"
EndProject
Project("{FAE04EC0-301F-11D3-BF4B-00C04F79EFBC}") = "PR22Test", "Tests\PR22Test\PR22Test.csproj", "{17AECEA5-F3D9-43FB-8E39-105C712B4B75}"
EndProject
Global
	GlobalSection(SolutionConfigurationPlatforms) = preSolution
		Debug|Any CPU = Debug|Any CPU
		Release|Any CPU = Release|Any CPU
	EndGlobalSection
	GlobalSection(ProjectConfigurationPlatforms) = postSolution
		{085ABEAB-ADFC-4A1D-85A1-316EB88DF3E5}.Debug|Any CPU.ActiveCfg = Debug|Any CPU
		{085ABEAB-ADFC-4A1D-85A1-316EB88DF3E5}.Debug|Any CPU.Build.0 = Debug|Any CPU
		{085ABEAB-ADFC-4A1D-85A1-316EB88DF3E5}.Release|Any CPU.ActiveCfg = Release|Any CPU
		{085ABEAB-ADFC-4A1D-85A1-316EB88DF3E5}.Release|Any CPU.Build.0 = Release|Any CPU
		{624B3BD8-B85D-42AE-A160-AE2286CAA40C}.Debug|Any CPU.ActiveCfg = Debug|Any CPU
		{624B3BD8-B85D-42AE-A160-AE2286CAA40C}.Debug|Any CPU.Build.0 = Debug|Any CPU
		{624B3BD8-B85D-42AE-A160-AE2286CAA40C}.Release|Any CPU.ActiveCfg = Release|Any CPU
		{624B3BD8-B85D-42AE-A160-AE2286CAA40C}.Release|Any CPU.Build.0 = Release|Any CPU
		{17AECEA5-F3D9-43FB-8E39-105C712B4B75}.Debug|Any CPU.ActiveCfg = Debug|Any CPU
		{17AECEA5-F3D9-43FB-8E39-105C712B4B75}.Debug|Any CPU.Build.0 = Debug|Any CPU
		{17AECEA5-F3D9-43FB-8E39-105C712B4B75}.Release|Any CPU.ActiveCfg = Release|Any CPU
		{17AECEA5-F3D9-43FB-8E39-105C712B4B75}.Release|Any CPU.Build.0 = Release|Any CPU
	EndGlobalSection
	GlobalSection(SolutionProperties) = preSolution
		HideSolutionNode = FALSE
	EndGlobalSection
	GlobalSection(NestedProjects) = preSolution
		{624B3BD8-B85D-42AE-A160-AE2286CAA40C} = {F03960D8-108E-4ACD-A541-61FF42801DDC}
		{17AECEA5-F3D9-43FB-8E39-105C712B4B75} = {F03960D8-108E-4ACD-A541-61FF42801DDC}
	EndGlobalSection
	GlobalSection(ExtensibilityGlobals) = postSolution
		SolutionGuid = {84C978A9-D2D7-4D05-AAD7-A9E129FF51DF}
	EndGlobalSection
EndGlobal
